
Microsoft Visual Studio Solution File, Format Version 12.00
# Visual Studio Version 17
VisualStudioVersion = 17.0.31903.59
MinimumVisualStudioVersion = 10.0.40219.1
Project("{FAE04EC0-301F-11D3-BF4B-00C04F79EFBC}") = "BLL", "BLL\BLL.csproj", "{475F262B-9B83-4702-805F-3A36D3D99193}"
EndProject
Project("{FAE04EC0-301F-11D3-BF4B-00C04F79EFBC}") = "BOL", "BOL\BOL.csproj", "{A74E67B8-99C9-4E28-A9A7-3D4A33E25B11}"
EndProject
Project("{FAE04EC0-301F-11D3-BF4B-00C04F79EFBC}") = "DAL", "DAL\DAL.csproj", "{9150D48F-1A03-401A-A47D-1F1FA86C1EAA}"
EndProject
Project("{FAE04EC0-301F-11D3-BF4B-00C04F79EFBC}") = "Employee", "Employee\Employee.csproj", "{76947832-892C-4C0F-9014-511CB0D1925F}"
EndProject
Global
	GlobalSection(SolutionConfigurationPlatforms) = preSolution
		Debug|Any CPU = Debug|Any CPU
		Release|Any CPU = Release|Any CPU
	EndGlobalSection
	GlobalSection(SolutionProperties) = preSolution
		HideSolutionNode = FALSE
	EndGlobalSection
	GlobalSection(ProjectConfigurationPlatforms) = postSolution
		{475F262B-9B83-4702-805F-3A36D3D99193}.Debug|Any CPU.ActiveCfg = Debug|Any CPU
		{475F262B-9B83-4702-805F-3A36D3D99193}.Debug|Any CPU.Build.0 = Debug|Any CPU
		{475F262B-9B83-4702-805F-3A36D3D99193}.Release|Any CPU.ActiveCfg = Release|Any CPU
		{475F262B-9B83-4702-805F-3A36D3D99193}.Release|Any CPU.Build.0 = Release|Any CPU
		{A74E67B8-99C9-4E28-A9A7-3D4A33E25B11}.Debug|Any CPU.ActiveCfg = Debug|Any CPU
		{A74E67B8-99C9-4E28-A9A7-3D4A33E25B11}.Debug|Any CPU.Build.0 = Debug|Any CPU
		{A74E67B8-99C9-4E28-A9A7-3D4A33E25B11}.Release|Any CPU.ActiveCfg = Release|Any CPU
		{A74E67B8-99C9-4E28-A9A7-3D4A33E25B11}.Release|Any CPU.Build.0 = Release|Any CPU
		{9150D48F-1A03-401A-A47D-1F1FA86C1EAA}.Debug|Any CPU.ActiveCfg = Debug|Any CPU
		{9150D48F-1A03-401A-A47D-1F1FA86C1EAA}.Debug|Any CPU.Build.0 = Debug|Any CPU
		{9150D48F-1A03-401A-A47D-1F1FA86C1EAA}.Release|Any CPU.ActiveCfg = Release|Any CPU
		{9150D48F-1A03-401A-A47D-1F1FA86C1EAA}.Release|Any CPU.Build.0 = Release|Any CPU
		{76947832-892C-4C0F-9014-511CB0D1925F}.Debug|Any CPU.ActiveCfg = Debug|Any CPU
		{76947832-892C-4C0F-9014-511CB0D1925F}.Debug|Any CPU.Build.0 = Debug|Any CPU
		{76947832-892C-4C0F-9014-511CB0D1925F}.Release|Any CPU.ActiveCfg = Release|Any CPU
		{76947832-892C-4C0F-9014-511CB0D1925F}.Release|Any CPU.Build.0 = Release|Any CPU
	EndGlobalSection
EndGlobal
