
Microsoft Visual Studio Solution File, Format Version 12.00
# Visual Studio Version 17
VisualStudioVersion = 17.0.31903.59
MinimumVisualStudioVersion = 10.0.40219.1
Project("{FAE04EC0-301F-11D3-BF4B-00C04F79EFBC}") = "BankingApp", "BankingApp\BankingApp.csproj", "{B7AABB2D-E35D-4A5D-B357-3AAE8CFE42CF}"
EndProject
Project("{FAE04EC0-301F-11D3-BF4B-00C04F79EFBC}") = "BankLibraries", "BankLibraries\BankLibraries.csproj", "{D888BA95-C8C8-4069-BBCA-FD0BD868957D}"
EndProject
Global
	GlobalSection(SolutionConfigurationPlatforms) = preSolution
		Debug|Any CPU = Debug|Any CPU
		Release|Any CPU = Release|Any CPU
	EndGlobalSection
	GlobalSection(SolutionProperties) = preSolution
		HideSolutionNode = FALSE
	EndGlobalSection
	GlobalSection(ProjectConfigurationPlatforms) = postSolution
		{B7AABB2D-E35D-4A5D-B357-3AAE8CFE42CF}.Debug|Any CPU.ActiveCfg = Debug|Any CPU
		{B7AABB2D-E35D-4A5D-B357-3AAE8CFE42CF}.Debug|Any CPU.Build.0 = Debug|Any CPU
		{B7AABB2D-E35D-4A5D-B357-3AAE8CFE42CF}.Release|Any CPU.ActiveCfg = Release|Any CPU
		{B7AABB2D-E35D-4A5D-B357-3AAE8CFE42CF}.Release|Any CPU.Build.0 = Release|Any CPU
		{D888BA95-C8C8-4069-BBCA-FD0BD868957D}.Debug|Any CPU.ActiveCfg = Debug|Any CPU
		{D888BA95-C8C8-4069-BBCA-FD0BD868957D}.Debug|Any CPU.Build.0 = Debug|Any CPU
		{D888BA95-C8C8-4069-BBCA-FD0BD868957D}.Release|Any CPU.ActiveCfg = Release|Any CPU
		{D888BA95-C8C8-4069-BBCA-FD0BD868957D}.Release|Any CPU.Build.0 = Release|Any CPU
	EndGlobalSection
EndGlobal
