
Microsoft Visual Studio Solution File, Format Version 12.00
# Visual Studio Version 17
VisualStudioVersion = 17.5.002.0
MinimumVisualStudioVersion = 10.0.40219.1
Project("{9A19103F-16F7-4668-BE54-9A1E7A4F7556}") = "ReactApp", "ReactApp.csproj", "{B8D89C59-2EFC-4FA9-BEFB-A34CE1FC8FBF}"
EndProject
Global
	GlobalSection(SolutionConfigurationPlatforms) = preSolution
		Debug|Any CPU = Debug|Any CPU
		Release|Any CPU = Release|Any CPU
	EndGlobalSection
	GlobalSection(ProjectConfigurationPlatforms) = postSolution
		{B8D89C59-2EFC-4FA9-BEFB-A34CE1FC8FBF}.Debug|Any CPU.ActiveCfg = Debug|Any CPU
		{B8D89C59-2EFC-4FA9-BEFB-A34CE1FC8FBF}.Debug|Any CPU.Build.0 = Debug|Any CPU
		{B8D89C59-2EFC-4FA9-BEFB-A34CE1FC8FBF}.Release|Any CPU.ActiveCfg = Release|Any CPU
		{B8D89C59-2EFC-4FA9-BEFB-A34CE1FC8FBF}.Release|Any CPU.Build.0 = Release|Any CPU
	EndGlobalSection
	GlobalSection(SolutionProperties) = preSolution
		HideSolutionNode = FALSE
	EndGlobalSection
	GlobalSection(ExtensibilityGlobals) = postSolution
		SolutionGuid = {EE8E5548-4A96-47B7-A920-D5A2C9AC5280}
	EndGlobalSection
EndGlobal
